// !$*UTF8*$!
{
	archiveVersion = 1;
	classes = {
	};
	objectVersion = 56;
	objects = {

/* Begin PBXBuildFile section */
		40AD21DA2A3E39D200E58E88 /* main.swift in Sources */ = {isa = PBXBuildFile; fileRef = 40AD21D92A3E39D200E58E88 /* main.swift */; };
		40AD22612A3E7EF200E58E88 /* AccessAbilityApp.swift in Sources */ = {isa = PBXBuildFile; fileRef = 40AD22602A3E7EF200E58E88 /* AccessAbilityApp.swift */; };
		40AD22632A3E7EF200E58E88 /* ContentView.swift in Sources */ = {isa = PBXBuildFile; fileRef = 40AD22622A3E7EF200E58E88 /* ContentView.swift */; };
		40AD22652A3E7EF300E58E88 /* Assets.xcassets in Resources */ = {isa = PBXBuildFile; fileRef = 40AD22642A3E7EF300E58E88 /* Assets.xcassets */; };
		40AD22682A3E7EF300E58E88 /* Preview Assets.xcassets in Resources */ = {isa = PBXBuildFile; fileRef = 40AD22672A3E7EF300E58E88 /* Preview Assets.xcassets */; };
		40AD226C2A3E7F1000E58E88 /* GPTAdaptor.swift in Sources */ = {isa = PBXBuildFile; fileRef = 40AD21E72A3E721A00E58E88 /* GPTAdaptor.swift */; };
		40AD226D2A3E7F1000E58E88 /* StatusResult.swift in Sources */ = {isa = PBXBuildFile; fileRef = 40ED623F2A3E264E0064AC7D /* StatusResult.swift */; };
		40AD226E2A3E7F1000E58E88 /* Tokenizer.swift in Sources */ = {isa = PBXBuildFile; fileRef = 40ED623D2A3E261E0064AC7D /* Tokenizer.swift */; };
		40AD226F2A3E7F1000E58E88 /* SpeechRecognizer.swift in Sources */ = {isa = PBXBuildFile; fileRef = 40ED62262A3D4BB70064AC7D /* SpeechRecognizer.swift */; };
		40AD22742A3E7FDD00E58E88 /* Command.swift in Sources */ = {isa = PBXBuildFile; fileRef = 40AD22732A3E7FDD00E58E88 /* Command.swift */; };
		40AD227A2A3E8A0600E58E88 /* OpenAISwift in Frameworks */ = {isa = PBXBuildFile; productRef = 40AD22792A3E8A0600E58E88 /* OpenAISwift */; };
		40AD22812A3EA35900E58E88 /* Canvas.swift in Sources */ = {isa = PBXBuildFile; fileRef = 40AD22802A3EA35900E58E88 /* Canvas.swift */; };
		40AD22842A3EA4A600E58E88 /* Grid.swift in Sources */ = {isa = PBXBuildFile; fileRef = 40AD22832A3EA4A600E58E88 /* Grid.swift */; };
		40AD22862A3EA62F00E58E88 /* Utils.swift in Sources */ = {isa = PBXBuildFile; fileRef = 40AD22852A3EA62F00E58E88 /* Utils.swift */; };
		40AD22882A3EB11A00E58E88 /* CanvasCommands.swift in Sources */ = {isa = PBXBuildFile; fileRef = 40AD22872A3EB11A00E58E88 /* CanvasCommands.swift */; };
		40AD22892A3EC42B00E58E88 /* Tokenizer.swift in Sources */ = {isa = PBXBuildFile; fileRef = 40ED623D2A3E261E0064AC7D /* Tokenizer.swift */; };
		40AD228A2A3EC43400E58E88 /* Canvas.swift in Sources */ = {isa = PBXBuildFile; fileRef = 40AD22802A3EA35900E58E88 /* Canvas.swift */; };
		40AD228B2A3EC44400E58E88 /* CanvasCommands.swift in Sources */ = {isa = PBXBuildFile; fileRef = 40AD22872A3EB11A00E58E88 /* CanvasCommands.swift */; };
		40AD228C2A3EC49F00E58E88 /* Command.swift in Sources */ = {isa = PBXBuildFile; fileRef = 40AD22732A3E7FDD00E58E88 /* Command.swift */; };
		40AD228D2A3EC4A500E58E88 /* StatusResult.swift in Sources */ = {isa = PBXBuildFile; fileRef = 40ED623F2A3E264E0064AC7D /* StatusResult.swift */; };
		40AD228E2A3EC4B300E58E88 /* Utils.swift in Sources */ = {isa = PBXBuildFile; fileRef = 40AD22852A3EA62F00E58E88 /* Utils.swift */; };
		40AD228F2A3EC4BA00E58E88 /* Grid.swift in Sources */ = {isa = PBXBuildFile; fileRef = 40AD22832A3EA4A600E58E88 /* Grid.swift */; };
		40AD22912A3EC7B800E58E88 /* TokenView.swift in Sources */ = {isa = PBXBuildFile; fileRef = 40AD22902A3EC7B800E58E88 /* TokenView.swift */; };
		40AD22932A3F647700E58E88 /* CanvasItem.swift in Sources */ = {isa = PBXBuildFile; fileRef = 40AD22922A3F647700E58E88 /* CanvasItem.swift */; };
		40AD229C2A3F919D00E58E88 /* DotEnv in Frameworks */ = {isa = PBXBuildFile; productRef = 40AD229B2A3F919D00E58E88 /* DotEnv */; };
		40AD229E2A3F920900E58E88 /* secret.env in Resources */ = {isa = PBXBuildFile; fileRef = 40AD229D2A3F920900E58E88 /* secret.env */; };
/* End PBXBuildFile section */

/* Begin PBXCopyFilesBuildPhase section */
		40AD21D52A3E39D200E58E88 /* CopyFiles */ = {
			isa = PBXCopyFilesBuildPhase;
			buildActionMask = 2147483647;
			dstPath = /usr/share/man/man1/;
			dstSubfolderSpec = 0;
			files = (
			);
			runOnlyForDeploymentPostprocessing = 1;
		};
/* End PBXCopyFilesBuildPhase section */

/* Begin PBXFileReference section */
		40AD21D72A3E39D200E58E88 /* Test */ = {isa = PBXFileReference; explicitFileType = "compiled.mach-o.executable"; includeInIndex = 0; path = Test; sourceTree = BUILT_PRODUCTS_DIR; };
		40AD21D92A3E39D200E58E88 /* main.swift */ = {isa = PBXFileReference; lastKnownFileType = sourcecode.swift; path = main.swift; sourceTree = "<group>"; };
		40AD21E72A3E721A00E58E88 /* GPTAdaptor.swift */ = {isa = PBXFileReference; lastKnownFileType = sourcecode.swift; path = GPTAdaptor.swift; sourceTree = "<group>"; };
		40AD225E2A3E7EF200E58E88 /* AccessAbility.app */ = {isa = PBXFileReference; explicitFileType = wrapper.application; includeInIndex = 0; path = AccessAbility.app; sourceTree = BUILT_PRODUCTS_DIR; };
		40AD22602A3E7EF200E58E88 /* AccessAbilityApp.swift */ = {isa = PBXFileReference; lastKnownFileType = sourcecode.swift; path = AccessAbilityApp.swift; sourceTree = "<group>"; };
		40AD22622A3E7EF200E58E88 /* ContentView.swift */ = {isa = PBXFileReference; lastKnownFileType = sourcecode.swift; path = ContentView.swift; sourceTree = "<group>"; };
		40AD22642A3E7EF300E58E88 /* Assets.xcassets */ = {isa = PBXFileReference; lastKnownFileType = folder.assetcatalog; path = Assets.xcassets; sourceTree = "<group>"; };
		40AD22672A3E7EF300E58E88 /* Preview Assets.xcassets */ = {isa = PBXFileReference; lastKnownFileType = folder.assetcatalog; path = "Preview Assets.xcassets"; sourceTree = "<group>"; };
		40AD22732A3E7FDD00E58E88 /* Command.swift */ = {isa = PBXFileReference; lastKnownFileType = sourcecode.swift; path = Command.swift; sourceTree = "<group>"; };
		40AD22782A3E89D900E58E88 /* OpenAISwift */ = {isa = PBXFileReference; lastKnownFileType = wrapper; name = OpenAISwift; path = ../../Documents/GitHub/OpenAISwift; sourceTree = "<group>"; };
		40AD22802A3EA35900E58E88 /* Canvas.swift */ = {isa = PBXFileReference; lastKnownFileType = sourcecode.swift; path = Canvas.swift; sourceTree = "<group>"; };
		40AD22832A3EA4A600E58E88 /* Grid.swift */ = {isa = PBXFileReference; lastKnownFileType = sourcecode.swift; path = Grid.swift; sourceTree = "<group>"; };
		40AD22852A3EA62F00E58E88 /* Utils.swift */ = {isa = PBXFileReference; lastKnownFileType = sourcecode.swift; path = Utils.swift; sourceTree = "<group>"; };
		40AD22872A3EB11A00E58E88 /* CanvasCommands.swift */ = {isa = PBXFileReference; lastKnownFileType = sourcecode.swift; path = CanvasCommands.swift; sourceTree = "<group>"; };
		40AD22902A3EC7B800E58E88 /* TokenView.swift */ = {isa = PBXFileReference; lastKnownFileType = sourcecode.swift; path = TokenView.swift; sourceTree = "<group>"; };
		40AD22922A3F647700E58E88 /* CanvasItem.swift */ = {isa = PBXFileReference; lastKnownFileType = sourcecode.swift; path = CanvasItem.swift; sourceTree = "<group>"; };
		40AD229D2A3F920900E58E88 /* secret.env */ = {isa = PBXFileReference; lastKnownFileType = text; path = secret.env; sourceTree = "<group>"; };
		40ED62262A3D4BB70064AC7D /* SpeechRecognizer.swift */ = {isa = PBXFileReference; lastKnownFileType = sourcecode.swift; path = SpeechRecognizer.swift; sourceTree = "<group>"; };
		40ED623D2A3E261E0064AC7D /* Tokenizer.swift */ = {isa = PBXFileReference; lastKnownFileType = sourcecode.swift; path = Tokenizer.swift; sourceTree = "<group>"; };
		40ED623F2A3E264E0064AC7D /* StatusResult.swift */ = {isa = PBXFileReference; lastKnownFileType = sourcecode.swift; path = StatusResult.swift; sourceTree = "<group>"; };
/* End PBXFileReference section */

/* Begin PBXFrameworksBuildPhase section */
		40AD21D42A3E39D200E58E88 /* Frameworks */ = {
			isa = PBXFrameworksBuildPhase;
			buildActionMask = 2147483647;
			files = (
			);
			runOnlyForDeploymentPostprocessing = 0;
		};
		40AD225B2A3E7EF200E58E88 /* Frameworks */ = {
			isa = PBXFrameworksBuildPhase;
			buildActionMask = 2147483647;
			files = (
				40AD229C2A3F919D00E58E88 /* DotEnv in Frameworks */,
				40AD227A2A3E8A0600E58E88 /* OpenAISwift in Frameworks */,
			);
			runOnlyForDeploymentPostprocessing = 0;
		};
/* End PBXFrameworksBuildPhase section */

/* Begin PBXGroup section */
		4047BF902A3E289300B5C1E7 /* Commands */ = {
			isa = PBXGroup;
			children = (
				40AD22872A3EB11A00E58E88 /* CanvasCommands.swift */,
			);
			path = Commands;
			sourceTree = "<group>";
		};
		40AD21D82A3E39D200E58E88 /* Test */ = {
			isa = PBXGroup;
			children = (
				40AD21D92A3E39D200E58E88 /* main.swift */,
			);
			path = Test;
			sourceTree = "<group>";
		};
		40AD225F2A3E7EF200E58E88 /* AccessAbility */ = {
			isa = PBXGroup;
			children = (
				40AD22602A3E7EF200E58E88 /* AccessAbilityApp.swift */,
				40AD22622A3E7EF200E58E88 /* ContentView.swift */,
				40AD21E72A3E721A00E58E88 /* GPTAdaptor.swift */,
				40ED62262A3D4BB70064AC7D /* SpeechRecognizer.swift */,
				40AD22822A3EA49B00E58E88 /* Canvas */,
				40AD22732A3E7FDD00E58E88 /* Command.swift */,
				4047BF902A3E289300B5C1E7 /* Commands */,
				40ED623F2A3E264E0064AC7D /* StatusResult.swift */,
				40ED623D2A3E261E0064AC7D /* Tokenizer.swift */,
				40AD22902A3EC7B800E58E88 /* TokenView.swift */,
				40AD22642A3E7EF300E58E88 /* Assets.xcassets */,
				40AD229D2A3F920900E58E88 /* secret.env */,
				40AD22662A3E7EF300E58E88 /* Preview Content */,
			);
			path = AccessAbility;
			sourceTree = "<group>";
		};
		40AD22662A3E7EF300E58E88 /* Preview Content */ = {
			isa = PBXGroup;
			children = (
				40AD22672A3E7EF300E58E88 /* Preview Assets.xcassets */,
			);
			path = "Preview Content";
			sourceTree = "<group>";
		};
		40AD22702A3E7F4F00E58E88 /* Frameworks */ = {
			isa = PBXGroup;
			children = (
			);
			name = Frameworks;
			sourceTree = "<group>";
		};
		40AD22772A3E89D900E58E88 /* Packages */ = {
			isa = PBXGroup;
			children = (
				40AD22782A3E89D900E58E88 /* OpenAISwift */,
			);
			name = Packages;
			sourceTree = "<group>";
		};
		40AD22822A3EA49B00E58E88 /* Canvas */ = {
			isa = PBXGroup;
			children = (
				40AD22802A3EA35900E58E88 /* Canvas.swift */,
				40AD22922A3F647700E58E88 /* CanvasItem.swift */,
				40AD22852A3EA62F00E58E88 /* Utils.swift */,
				40AD22832A3EA4A600E58E88 /* Grid.swift */,
			);
			path = Canvas;
			sourceTree = "<group>";
		};
		40ED620B2A3CF62E0064AC7D = {
			isa = PBXGroup;
			children = (
				40AD22772A3E89D900E58E88 /* Packages */,
				40AD225F2A3E7EF200E58E88 /* AccessAbility */,
				40AD21D82A3E39D200E58E88 /* Test */,
				40ED62152A3CF62E0064AC7D /* Products */,
				40AD22702A3E7F4F00E58E88 /* Frameworks */,
			);
			sourceTree = "<group>";
		};
		40ED62152A3CF62E0064AC7D /* Products */ = {
			isa = PBXGroup;
			children = (
				40AD21D72A3E39D200E58E88 /* Test */,
				40AD225E2A3E7EF200E58E88 /* AccessAbility.app */,
			);
			name = Products;
			sourceTree = "<group>";
		};
/* End PBXGroup section */

/* Begin PBXNativeTarget section */
		40AD21D62A3E39D200E58E88 /* Test */ = {
			isa = PBXNativeTarget;
			buildConfigurationList = 40AD21DB2A3E39D200E58E88 /* Build configuration list for PBXNativeTarget "Test" */;
			buildPhases = (
				40AD21D32A3E39D200E58E88 /* Sources */,
				40AD21D42A3E39D200E58E88 /* Frameworks */,
				40AD21D52A3E39D200E58E88 /* CopyFiles */,
			);
			buildRules = (
			);
			dependencies = (
			);
			name = Test;
			productName = Test;
			productReference = 40AD21D72A3E39D200E58E88 /* Test */;
			productType = "com.apple.product-type.tool";
		};
		40AD225D2A3E7EF200E58E88 /* AccessAbility */ = {
			isa = PBXNativeTarget;
			buildConfigurationList = 40AD22692A3E7EF300E58E88 /* Build configuration list for PBXNativeTarget "AccessAbility" */;
			buildPhases = (
				40AD225A2A3E7EF200E58E88 /* Sources */,
				40AD225B2A3E7EF200E58E88 /* Frameworks */,
				40AD225C2A3E7EF200E58E88 /* Resources */,
			);
			buildRules = (
			);
			dependencies = (
			);
			name = AccessAbility;
			packageProductDependencies = (
				40AD22792A3E8A0600E58E88 /* OpenAISwift */,
				40AD229B2A3F919D00E58E88 /* DotEnv */,
			);
			productName = AccessAbility;
			productReference = 40AD225E2A3E7EF200E58E88 /* AccessAbility.app */;
			productType = "com.apple.product-type.application";
		};
/* End PBXNativeTarget section */

/* Begin PBXProject section */
		40ED620C2A3CF62E0064AC7D /* Project object */ = {
			isa = PBXProject;
			attributes = {
				BuildIndependentTargetsInParallel = 1;
				LastSwiftUpdateCheck = 1430;
				LastUpgradeCheck = 1430;
				TargetAttributes = {
					40AD21D62A3E39D200E58E88 = {
						CreatedOnToolsVersion = 14.3.1;
					};
					40AD225D2A3E7EF200E58E88 = {
						CreatedOnToolsVersion = 14.3.1;
					};
				};
			};
			buildConfigurationList = 40ED620F2A3CF62E0064AC7D /* Build configuration list for PBXProject "AccessAbility" */;
			compatibilityVersion = "Xcode 14.0";
			developmentRegion = en;
			hasScannedForEncodings = 0;
			knownRegions = (
				en,
				Base,
			);
			mainGroup = 40ED620B2A3CF62E0064AC7D;
			packageReferences = (
				40AD229A2A3F919D00E58E88 /* XCRemoteSwiftPackageReference "DotEnv" */,
			);
			productRefGroup = 40ED62152A3CF62E0064AC7D /* Products */;
			projectDirPath = "";
			projectRoot = "";
			targets = (
				40AD21D62A3E39D200E58E88 /* Test */,
				40AD225D2A3E7EF200E58E88 /* AccessAbility */,
			);
		};
/* End PBXProject section */

/* Begin PBXResourcesBuildPhase section */
		40AD225C2A3E7EF200E58E88 /* Resources */ = {
			isa = PBXResourcesBuildPhase;
			buildActionMask = 2147483647;
			files = (
				40AD22682A3E7EF300E58E88 /* Preview Assets.xcassets in Resources */,
				40AD229E2A3F920900E58E88 /* secret.env in Resources */,
				40AD22652A3E7EF300E58E88 /* Assets.xcassets in Resources */,
			);
			runOnlyForDeploymentPostprocessing = 0;
		};
/* End PBXResourcesBuildPhase section */

/* Begin PBXSourcesBuildPhase section */
		40AD21D32A3E39D200E58E88 /* Sources */ = {
			isa = PBXSourcesBuildPhase;
			buildActionMask = 2147483647;
			files = (
				40AD228D2A3EC4A500E58E88 /* StatusResult.swift in Sources */,
				40AD21DA2A3E39D200E58E88 /* main.swift in Sources */,
				40AD228B2A3EC44400E58E88 /* CanvasCommands.swift in Sources */,
				40AD228F2A3EC4BA00E58E88 /* Grid.swift in Sources */,
				40AD228E2A3EC4B300E58E88 /* Utils.swift in Sources */,
				40AD22892A3EC42B00E58E88 /* Tokenizer.swift in Sources */,
				40AD228C2A3EC49F00E58E88 /* Command.swift in Sources */,
				40AD228A2A3EC43400E58E88 /* Canvas.swift in Sources */,
			);
			runOnlyForDeploymentPostprocessing = 0;
		};
		40AD225A2A3E7EF200E58E88 /* Sources */ = {
			isa = PBXSourcesBuildPhase;
			buildActionMask = 2147483647;
			files = (
				40AD22912A3EC7B800E58E88 /* TokenView.swift in Sources */,
				40AD226D2A3E7F1000E58E88 /* StatusResult.swift in Sources */,
				40AD226E2A3E7F1000E58E88 /* Tokenizer.swift in Sources */,
				40AD22812A3EA35900E58E88 /* Canvas.swift in Sources */,
				40AD22862A3EA62F00E58E88 /* Utils.swift in Sources */,
				40AD226C2A3E7F1000E58E88 /* GPTAdaptor.swift in Sources */,
				40AD22632A3E7EF200E58E88 /* ContentView.swift in Sources */,
				40AD22842A3EA4A600E58E88 /* Grid.swift in Sources */,
				40AD22742A3E7FDD00E58E88 /* Command.swift in Sources */,
				40AD22932A3F647700E58E88 /* CanvasItem.swift in Sources */,
				40AD22612A3E7EF200E58E88 /* AccessAbilityApp.swift in Sources */,
				40AD226F2A3E7F1000E58E88 /* SpeechRecognizer.swift in Sources */,
				40AD22882A3EB11A00E58E88 /* CanvasCommands.swift in Sources */,
			);
			runOnlyForDeploymentPostprocessing = 0;
		};
/* End PBXSourcesBuildPhase section */

/* Begin XCBuildConfiguration section */
		40AD21DC2A3E39D200E58E88 /* Debug */ = {
			isa = XCBuildConfiguration;
			buildSettings = {
				CODE_SIGN_STYLE = Automatic;
				DEVELOPMENT_TEAM = 84WPVNZ8GM;
				ENABLE_HARDENED_RUNTIME = YES;
				PRODUCT_NAME = "$(TARGET_NAME)";
				SWIFT_VERSION = 5.0;
			};
			name = Debug;
		};
		40AD21DD2A3E39D200E58E88 /* Release */ = {
			isa = XCBuildConfiguration;
			buildSettings = {
				CODE_SIGN_STYLE = Automatic;
				DEVELOPMENT_TEAM = 84WPVNZ8GM;
				ENABLE_HARDENED_RUNTIME = YES;
				PRODUCT_NAME = "$(TARGET_NAME)";
				SWIFT_VERSION = 5.0;
			};
			name = Release;
		};
		40AD226A2A3E7EF300E58E88 /* Debug */ = {
			isa = XCBuildConfiguration;
			buildSettings = {
				ASSETCATALOG_COMPILER_APPICON_NAME = AppIcon;
				ASSETCATALOG_COMPILER_GLOBAL_ACCENT_COLOR_NAME = AccentColor;
				CODE_SIGN_STYLE = Automatic;
				CURRENT_PROJECT_VERSION = 1;
				DEVELOPMENT_ASSET_PATHS = "\"AccessAbility/Preview Content\"";
				DEVELOPMENT_TEAM = 84WPVNZ8GM;
				ENABLE_PREVIEWS = YES;
				GENERATE_INFOPLIST_FILE = YES;
				INFOPLIST_KEY_NSMicrophoneUsageDescription = "Grant microphone access.";
				INFOPLIST_KEY_NSSpeechRecognitionUsageDescription = "Grant speech recognition access.";
				INFOPLIST_KEY_UIApplicationSceneManifest_Generation = YES;
				INFOPLIST_KEY_UIApplicationSupportsIndirectInputEvents = YES;
				INFOPLIST_KEY_UILaunchScreen_Generation = YES;
				INFOPLIST_KEY_UISupportedInterfaceOrientations_iPad = "UIInterfaceOrientationPortrait UIInterfaceOrientationPortraitUpsideDown UIInterfaceOrientationLandscapeLeft UIInterfaceOrientationLandscapeRight";
				INFOPLIST_KEY_UISupportedInterfaceOrientations_iPhone = "UIInterfaceOrientationPortrait UIInterfaceOrientationLandscapeLeft UIInterfaceOrientationLandscapeRight";
				IPHONEOS_DEPLOYMENT_TARGET = 16.2;
				LD_RUNPATH_SEARCH_PATHS = (
					"$(inherited)",
					"@executable_path/Frameworks",
				);
				MARKETING_VERSION = 1.0;
				PRODUCT_BUNDLE_IDENTIFIER = AdinAck.AccessAbility;
				PRODUCT_NAME = "$(TARGET_NAME)";
				SDKROOT = iphoneos;
				SWIFT_EMIT_LOC_STRINGS = YES;
				SWIFT_VERSION = 5.0;
				TARGETED_DEVICE_FAMILY = "1,2";
			};
			name = Debug;
		};
		40AD226B2A3E7EF300E58E88 /* Release */ = {
			isa = XCBuildConfiguration;
			buildSettings = {
				ASSETCATALOG_COMPILER_APPICON_NAME = AppIcon;
				ASSETCATALOG_COMPILER_GLOBAL_ACCENT_COLOR_NAME = AccentColor;
				CODE_SIGN_STYLE = Automatic;
				CURRENT_PROJECT_VERSION = 1;
				DEVELOPMENT_ASSET_PATHS = "\"AccessAbility/Preview Content\"";
				DEVELOPMENT_TEAM = 84WPVNZ8GM;
				ENABLE_PREVIEWS = YES;
				GENERATE_INFOPLIST_FILE = YES;
				INFOPLIST_KEY_NSMicrophoneUsageDescription = "Grant microphone access.";
				INFOPLIST_KEY_NSSpeechRecognitionUsageDescription = "Grant speech recognition access.";
				INFOPLIST_KEY_UIApplicationSceneManifest_Generation = YES;
				INFOPLIST_KEY_UIApplicationSupportsIndirectInputEvents = YES;
				INFOPLIST_KEY_UILaunchScreen_Generation = YES;
				INFOPLIST_KEY_UISupportedInterfaceOrientations_iPad = "UIInterfaceOrientationPortrait UIInterfaceOrientationPortraitUpsideDown UIInterfaceOrientationLandscapeLeft UIInterfaceOrientationLandscapeRight";
				INFOPLIST_KEY_UISupportedInterfaceOrientations_iPhone = "UIInterfaceOrientationPortrait UIInterfaceOrientationLandscapeLeft UIInterfaceOrientationLandscapeRight";
				IPHONEOS_DEPLOYMENT_TARGET = 16.2;
				LD_RUNPATH_SEARCH_PATHS = (
					"$(inherited)",
					"@executable_path/Frameworks",
				);
				MARKETING_VERSION = 1.0;
				PRODUCT_BUNDLE_IDENTIFIER = AdinAck.AccessAbility;
				PRODUCT_NAME = "$(TARGET_NAME)";
				SDKROOT = iphoneos;
				SWIFT_EMIT_LOC_STRINGS = YES;
				SWIFT_VERSION = 5.0;
				TARGETED_DEVICE_FAMILY = "1,2";
				VALIDATE_PRODUCT = YES;
			};
			name = Release;
		};
		40ED62212A3CF62F0064AC7D /* Debug */ = {
			isa = XCBuildConfiguration;
			buildSettings = {
				ALWAYS_SEARCH_USER_PATHS = NO;
				CLANG_ANALYZER_NONNULL = YES;
				CLANG_ANALYZER_NUMBER_OBJECT_CONVERSION = YES_AGGRESSIVE;
				CLANG_CXX_LANGUAGE_STANDARD = "gnu++20";
				CLANG_ENABLE_MODULES = YES;
				CLANG_ENABLE_OBJC_ARC = YES;
				CLANG_ENABLE_OBJC_WEAK = YES;
				CLANG_WARN_BLOCK_CAPTURE_AUTORELEASING = YES;
				CLANG_WARN_BOOL_CONVERSION = YES;
				CLANG_WARN_COMMA = YES;
				CLANG_WARN_CONSTANT_CONVERSION = YES;
				CLANG_WARN_DEPRECATED_OBJC_IMPLEMENTATIONS = YES;
				CLANG_WARN_DIRECT_OBJC_ISA_USAGE = YES_ERROR;
				CLANG_WARN_DOCUMENTATION_COMMENTS = YES;
				CLANG_WARN_EMPTY_BODY = YES;
				CLANG_WARN_ENUM_CONVERSION = YES;
				CLANG_WARN_INFINITE_RECURSION = YES;
				CLANG_WARN_INT_CONVERSION = YES;
				CLANG_WARN_NON_LITERAL_NULL_CONVERSION = YES;
				CLANG_WARN_OBJC_IMPLICIT_RETAIN_SELF = YES;
				CLANG_WARN_OBJC_LITERAL_CONVERSION = YES;
				CLANG_WARN_OBJC_ROOT_CLASS = YES_ERROR;
				CLANG_WARN_QUOTED_INCLUDE_IN_FRAMEWORK_HEADER = YES;
				CLANG_WARN_RANGE_LOOP_ANALYSIS = YES;
				CLANG_WARN_STRICT_PROTOTYPES = YES;
				CLANG_WARN_SUSPICIOUS_MOVE = YES;
				CLANG_WARN_UNGUARDED_AVAILABILITY = YES_AGGRESSIVE;
				CLANG_WARN_UNREACHABLE_CODE = YES;
				CLANG_WARN__DUPLICATE_METHOD_MATCH = YES;
				COPY_PHASE_STRIP = NO;
				DEBUG_INFORMATION_FORMAT = dwarf;
				ENABLE_STRICT_OBJC_MSGSEND = YES;
				ENABLE_TESTABILITY = YES;
				GCC_C_LANGUAGE_STANDARD = gnu11;
				GCC_DYNAMIC_NO_PIC = NO;
				GCC_NO_COMMON_BLOCKS = YES;
				GCC_OPTIMIZATION_LEVEL = 0;
				GCC_PREPROCESSOR_DEFINITIONS = (
					"DEBUG=1",
					"$(inherited)",
				);
				GCC_WARN_64_TO_32_BIT_CONVERSION = YES;
				GCC_WARN_ABOUT_RETURN_TYPE = YES_ERROR;
				GCC_WARN_UNDECLARED_SELECTOR = YES;
				GCC_WARN_UNINITIALIZED_AUTOS = YES_AGGRESSIVE;
				GCC_WARN_UNUSED_FUNCTION = YES;
				GCC_WARN_UNUSED_VARIABLE = YES;
				MACOSX_DEPLOYMENT_TARGET = 13.3;
				MTL_ENABLE_DEBUG_INFO = INCLUDE_SOURCE;
				MTL_FAST_MATH = YES;
				ONLY_ACTIVE_ARCH = YES;
				SDKROOT = macosx;
				SWIFT_ACTIVE_COMPILATION_CONDITIONS = DEBUG;
				SWIFT_OPTIMIZATION_LEVEL = "-Onone";
			};
			name = Debug;
		};
		40ED62222A3CF62F0064AC7D /* Release */ = {
			isa = XCBuildConfiguration;
			buildSettings = {
				ALWAYS_SEARCH_USER_PATHS = NO;
				CLANG_ANALYZER_NONNULL = YES;
				CLANG_ANALYZER_NUMBER_OBJECT_CONVERSION = YES_AGGRESSIVE;
				CLANG_CXX_LANGUAGE_STANDARD = "gnu++20";
				CLANG_ENABLE_MODULES = YES;
				CLANG_ENABLE_OBJC_ARC = YES;
				CLANG_ENABLE_OBJC_WEAK = YES;
				CLANG_WARN_BLOCK_CAPTURE_AUTORELEASING = YES;
				CLANG_WARN_BOOL_CONVERSION = YES;
				CLANG_WARN_COMMA = YES;
				CLANG_WARN_CONSTANT_CONVERSION = YES;
				CLANG_WARN_DEPRECATED_OBJC_IMPLEMENTATIONS = YES;
				CLANG_WARN_DIRECT_OBJC_ISA_USAGE = YES_ERROR;
				CLANG_WARN_DOCUMENTATION_COMMENTS = YES;
				CLANG_WARN_EMPTY_BODY = YES;
				CLANG_WARN_ENUM_CONVERSION = YES;
				CLANG_WARN_INFINITE_RECURSION = YES;
				CLANG_WARN_INT_CONVERSION = YES;
				CLANG_WARN_NON_LITERAL_NULL_CONVERSION = YES;
				CLANG_WARN_OBJC_IMPLICIT_RETAIN_SELF = YES;
				CLANG_WARN_OBJC_LITERAL_CONVERSION = YES;
				CLANG_WARN_OBJC_ROOT_CLASS = YES_ERROR;
				CLANG_WARN_QUOTED_INCLUDE_IN_FRAMEWORK_HEADER = YES;
				CLANG_WARN_RANGE_LOOP_ANALYSIS = YES;
				CLANG_WARN_STRICT_PROTOTYPES = YES;
				CLANG_WARN_SUSPICIOUS_MOVE = YES;
				CLANG_WARN_UNGUARDED_AVAILABILITY = YES_AGGRESSIVE;
				CLANG_WARN_UNREACHABLE_CODE = YES;
				CLANG_WARN__DUPLICATE_METHOD_MATCH = YES;
				COPY_PHASE_STRIP = NO;
				DEBUG_INFORMATION_FORMAT = "dwarf-with-dsym";
				ENABLE_NS_ASSERTIONS = NO;
				ENABLE_STRICT_OBJC_MSGSEND = YES;
				GCC_C_LANGUAGE_STANDARD = gnu11;
				GCC_NO_COMMON_BLOCKS = YES;
				GCC_WARN_64_TO_32_BIT_CONVERSION = YES;
				GCC_WARN_ABOUT_RETURN_TYPE = YES_ERROR;
				GCC_WARN_UNDECLARED_SELECTOR = YES;
				GCC_WARN_UNINITIALIZED_AUTOS = YES_AGGRESSIVE;
				GCC_WARN_UNUSED_FUNCTION = YES;
				GCC_WARN_UNUSED_VARIABLE = YES;
				MACOSX_DEPLOYMENT_TARGET = 13.3;
				MTL_ENABLE_DEBUG_INFO = NO;
				MTL_FAST_MATH = YES;
				SDKROOT = macosx;
				SWIFT_COMPILATION_MODE = wholemodule;
				SWIFT_OPTIMIZATION_LEVEL = "-O";
			};
			name = Release;
		};
/* End XCBuildConfiguration section */

/* Begin XCConfigurationList section */
		40AD21DB2A3E39D200E58E88 /* Build configuration list for PBXNativeTarget "Test" */ = {
			isa = XCConfigurationList;
			buildConfigurations = (
				40AD21DC2A3E39D200E58E88 /* Debug */,
				40AD21DD2A3E39D200E58E88 /* Release */,
			);
			defaultConfigurationIsVisible = 0;
			defaultConfigurationName = Release;
		};
		40AD22692A3E7EF300E58E88 /* Build configuration list for PBXNativeTarget "AccessAbility" */ = {
			isa = XCConfigurationList;
			buildConfigurations = (
				40AD226A2A3E7EF300E58E88 /* Debug */,
				40AD226B2A3E7EF300E58E88 /* Release */,
			);
			defaultConfigurationIsVisible = 0;
			defaultConfigurationName = Release;
		};
		40ED620F2A3CF62E0064AC7D /* Build configuration list for PBXProject "AccessAbility" */ = {
			isa = XCConfigurationList;
			buildConfigurations = (
				40ED62212A3CF62F0064AC7D /* Debug */,
				40ED62222A3CF62F0064AC7D /* Release */,
			);
			defaultConfigurationIsVisible = 0;
			defaultConfigurationName = Release;
		};
/* End XCConfigurationList section */

/* Begin XCRemoteSwiftPackageReference section */
		40AD229A2A3F919D00E58E88 /* XCRemoteSwiftPackageReference "DotEnv" */ = {
			isa = XCRemoteSwiftPackageReference;
			repositoryURL = "https://github.com/swiftpackages/DotEnv";
			requirement = {
				branch = main;
				kind = branch;
			};
		};
/* End XCRemoteSwiftPackageReference section */

/* Begin XCSwiftPackageProductDependency section */
		40AD22792A3E8A0600E58E88 /* OpenAISwift */ = {
			isa = XCSwiftPackageProductDependency;
			productName = OpenAISwift;
		};
		40AD229B2A3F919D00E58E88 /* DotEnv */ = {
			isa = XCSwiftPackageProductDependency;
			package = 40AD229A2A3F919D00E58E88 /* XCRemoteSwiftPackageReference "DotEnv" */;
			productName = DotEnv;
		};
/* End XCSwiftPackageProductDependency section */
	};
	rootObject = 40ED620C2A3CF62E0064AC7D /* Project object */;
}
